
Microsoft Visual Studio Solution File, Format Version 12.00
# Visual Studio Version 16
VisualStudioVersion = 16.0.810.14
MinimumVisualStudioVersion = 10.0.40219.1
Project("{FAE04EC0-301F-11D3-BF4B-00C04F79EFBC}") = "dotnet-code-challenge", "dotnet-code-challenge.csproj", "{D920C0ED-FEAE-464A-9215-816DC10E055C}"
EndProject
Global
	GlobalSection(SolutionConfigurationPlatforms) = preSolution
		Debug|Any CPU = Debug|Any CPU
		Release|Any CPU = Release|Any CPU
	EndGlobalSection
	GlobalSection(ProjectConfigurationPlatforms) = postSolution
		{D920C0ED-FEAE-464A-9215-816DC10E055C}.Debug|Any CPU.ActiveCfg = Debug|Any CPU
		{D920C0ED-FEAE-464A-9215-816DC10E055C}.Debug|Any CPU.Build.0 = Debug|Any CPU
		{D920C0ED-FEAE-464A-9215-816DC10E055C}.Release|Any CPU.ActiveCfg = Release|Any CPU
		{D920C0ED-FEAE-464A-9215-816DC10E055C}.Release|Any CPU.Build.0 = Release|Any CPU
	EndGlobalSection
	GlobalSection(SolutionProperties) = preSolution
		HideSolutionNode = FALSE
	EndGlobalSection
	GlobalSection(ExtensibilityGlobals) = postSolution
		SolutionGuid = {960FF3BF-E4F3-4D52-8AD4-69D5EB4F3BDB}
	EndGlobalSection
EndGlobal
